// !$*UTF8*$!
{
	archiveVersion = 1;
	classes = {
	};
	objectVersion = 46;
	objects = {

/* Begin PBXBuildFile section */
		BEDA91B21AD88E1E0081B1E1 /* AppDelegate.swift in Sources */ = {isa = PBXBuildFile; fileRef = BEDA91B11AD88E1E0081B1E1 /* AppDelegate.swift */; };
		BEDA91B41AD88E1E0081B1E1 /* RecordSoundsViewController.swift in Sources */ = {isa = PBXBuildFile; fileRef = BEDA91B31AD88E1E0081B1E1 /* RecordSoundsViewController.swift */; };
		BEDA91B91AD88E1E0081B1E1 /* Images.xcassets in Resources */ = {isa = PBXBuildFile; fileRef = BEDA91B81AD88E1E0081B1E1 /* Images.xcassets */; };
		BEDA91BC1AD88E1E0081B1E1 /* LaunchScreen.xib in Resources */ = {isa = PBXBuildFile; fileRef = BEDA91BA1AD88E1E0081B1E1 /* LaunchScreen.xib */; };
		BEDA91C81AD88E1E0081B1E1 /* Pitch_PerfectTests.swift in Sources */ = {isa = PBXBuildFile; fileRef = BEDA91C71AD88E1E0081B1E1 /* Pitch_PerfectTests.swift */; };
		BEDA91D41AE070270081B1E1 /* PlaySoundsViewController.swift in Sources */ = {isa = PBXBuildFile; fileRef = BEDA91D31AE070270081B1E1 /* PlaySoundsViewController.swift */; };
		BEDA91D61AE075BF0081B1E1 /* movie_quote.mp3 in Resources */ = {isa = PBXBuildFile; fileRef = BEDA91D51AE075BF0081B1E1 /* movie_quote.mp3 */; };
		BEDA91D91AE5DC9B0081B1E1 /* Main.storyboard in Resources */ = {isa = PBXBuildFile; fileRef = BEDA91D71AE5DC9B0081B1E1 /* Main.storyboard */; };
		BEDA91DB1AE5DEF40081B1E1 /* RecordedAudio.swift in Sources */ = {isa = PBXBuildFile; fileRef = BEDA91DA1AE5DEF40081B1E1 /* RecordedAudio.swift */; };
/* End PBXBuildFile section */

/* Begin PBXContainerItemProxy section */
		BEDA91C21AD88E1E0081B1E1 /* PBXContainerItemProxy */ = {
			isa = PBXContainerItemProxy;
			containerPortal = BEDA91A41AD88E1E0081B1E1 /* Project object */;
			proxyType = 1;
			remoteGlobalIDString = BEDA91AB1AD88E1E0081B1E1;
			remoteInfo = "Pitch-Perfect";
		};
/* End PBXContainerItemProxy section */

/* Begin PBXFileReference section */
		BEDA91AC1AD88E1E0081B1E1 /* Pitch-Perfect.app */ = {isa = PBXFileReference; explicitFileType = wrapper.application; includeInIndex = 0; path = "Pitch-Perfect.app"; sourceTree = BUILT_PRODUCTS_DIR; };
		BEDA91B01AD88E1E0081B1E1 /* Info.plist */ = {isa = PBXFileReference; lastKnownFileType = text.plist.xml; path = Info.plist; sourceTree = "<group>"; };
		BEDA91B11AD88E1E0081B1E1 /* AppDelegate.swift */ = {isa = PBXFileReference; lastKnownFileType = sourcecode.swift; path = AppDelegate.swift; sourceTree = "<group>"; };
		BEDA91B31AD88E1E0081B1E1 /* RecordSoundsViewController.swift */ = {isa = PBXFileReference; lastKnownFileType = sourcecode.swift; path = RecordSoundsViewController.swift; sourceTree = "<group>"; };
		BEDA91B81AD88E1E0081B1E1 /* Images.xcassets */ = {isa = PBXFileReference; lastKnownFileType = folder.assetcatalog; path = Images.xcassets; sourceTree = "<group>"; };
		BEDA91BB1AD88E1E0081B1E1 /* Base */ = {isa = PBXFileReference; lastKnownFileType = file.xib; name = Base; path = Base.lproj/LaunchScreen.xib; sourceTree = "<group>"; };
		BEDA91C11AD88E1E0081B1E1 /* Pitch-PerfectTests.xctest */ = {isa = PBXFileReference; explicitFileType = wrapper.cfbundle; includeInIndex = 0; path = "Pitch-PerfectTests.xctest"; sourceTree = BUILT_PRODUCTS_DIR; };
		BEDA91C61AD88E1E0081B1E1 /* Info.plist */ = {isa = PBXFileReference; lastKnownFileType = text.plist.xml; path = Info.plist; sourceTree = "<group>"; };
		BEDA91C71AD88E1E0081B1E1 /* Pitch_PerfectTests.swift */ = {isa = PBXFileReference; lastKnownFileType = sourcecode.swift; path = Pitch_PerfectTests.swift; sourceTree = "<group>"; };
		BEDA91D31AE070270081B1E1 /* PlaySoundsViewController.swift */ = {isa = PBXFileReference; fileEncoding = 4; lastKnownFileType = sourcecode.swift; path = PlaySoundsViewController.swift; sourceTree = "<group>"; };
		BEDA91D51AE075BF0081B1E1 /* movie_quote.mp3 */ = {isa = PBXFileReference; lastKnownFileType = audio.mp3; name = movie_quote.mp3; path = ../../../Downloads/movie_quote.mp3; sourceTree = "<group>"; };
		BEDA91D81AE5DC9B0081B1E1 /* Base */ = {isa = PBXFileReference; lastKnownFileType = file.storyboard; name = Base; path = Base.lproj/Main.storyboard; sourceTree = "<group>"; };
		BEDA91DA1AE5DEF40081B1E1 /* RecordedAudio.swift */ = {isa = PBXFileReference; fileEncoding = 4; lastKnownFileType = sourcecode.swift; path = RecordedAudio.swift; sourceTree = "<group>"; };
/* End PBXFileReference section */

/* Begin PBXFrameworksBuildPhase section */
		BEDA91A91AD88E1E0081B1E1 /* Frameworks */ = {
			isa = PBXFrameworksBuildPhase;
			buildActionMask = 2147483647;
			files = (
			);
			runOnlyForDeploymentPostprocessing = 0;
		};
		BEDA91BE1AD88E1E0081B1E1 /* Frameworks */ = {
			isa = PBXFrameworksBuildPhase;
			buildActionMask = 2147483647;
			files = (
			);
			runOnlyForDeploymentPostprocessing = 0;
		};
/* End PBXFrameworksBuildPhase section */

/* Begin PBXGroup section */
		BEDA91A31AD88E1E0081B1E1 = {
			isa = PBXGroup;
			children = (
				BEDA91AE1AD88E1E0081B1E1 /* Pitch-Perfect */,
				BEDA91C41AD88E1E0081B1E1 /* Pitch-PerfectTests */,
				BEDA91AD1AD88E1E0081B1E1 /* Products */,
			);
			sourceTree = "<group>";
		};
		BEDA91AD1AD88E1E0081B1E1 /* Products */ = {
			isa = PBXGroup;
			children = (
				BEDA91AC1AD88E1E0081B1E1 /* Pitch-Perfect.app */,
				BEDA91C11AD88E1E0081B1E1 /* Pitch-PerfectTests.xctest */,
			);
			name = Products;
			sourceTree = "<group>";
		};
		BEDA91AE1AD88E1E0081B1E1 /* Pitch-Perfect */ = {
			isa = PBXGroup;
			children = (
				BEDA91B11AD88E1E0081B1E1 /* AppDelegate.swift */,
				BEDA91D31AE070270081B1E1 /* PlaySoundsViewController.swift */,
				BEDA91DA1AE5DEF40081B1E1 /* RecordedAudio.swift */,
				BEDA91B31AD88E1E0081B1E1 /* RecordSoundsViewController.swift */,
				BEDA91B81AD88E1E0081B1E1 /* Images.xcassets */,
				BEDA91D71AE5DC9B0081B1E1 /* Main.storyboard */,
				BEDA91BA1AD88E1E0081B1E1 /* LaunchScreen.xib */,
				BEDA91AF1AD88E1E0081B1E1 /* Supporting Files */,
			);
			path = "Pitch-Perfect";
			sourceTree = "<group>";
		};
		BEDA91AF1AD88E1E0081B1E1 /* Supporting Files */ = {
			isa = PBXGroup;
			children = (
				BEDA91D51AE075BF0081B1E1 /* movie_quote.mp3 */,
				BEDA91B01AD88E1E0081B1E1 /* Info.plist */,
			);
			name = "Supporting Files";
			sourceTree = "<group>";
		};
		BEDA91C41AD88E1E0081B1E1 /* Pitch-PerfectTests */ = {
			isa = PBXGroup;
			children = (
				BEDA91C71AD88E1E0081B1E1 /* Pitch_PerfectTests.swift */,
				BEDA91C51AD88E1E0081B1E1 /* Supporting Files */,
			);
			path = "Pitch-PerfectTests";
			sourceTree = "<group>";
		};
		BEDA91C51AD88E1E0081B1E1 /* Supporting Files */ = {
			isa = PBXGroup;
			children = (
				BEDA91C61AD88E1E0081B1E1 /* Info.plist */,
			);
			name = "Supporting Files";
			sourceTree = "<group>";
		};
/* End PBXGroup section */

/* Begin PBXNativeTarget section */
		BEDA91AB1AD88E1E0081B1E1 /* Pitch-Perfect */ = {
			isa = PBXNativeTarget;
			buildConfigurationList = BEDA91CB1AD88E1E0081B1E1 /* Build configuration list for PBXNativeTarget "Pitch-Perfect" */;
			buildPhases = (
				BEDA91A81AD88E1E0081B1E1 /* Sources */,
				BEDA91A91AD88E1E0081B1E1 /* Frameworks */,
				BEDA91AA1AD88E1E0081B1E1 /* Resources */,
			);
			buildRules = (
			);
			dependencies = (
			);
			name = "Pitch-Perfect";
			productName = "Pitch-Perfect";
			productReference = BEDA91AC1AD88E1E0081B1E1 /* Pitch-Perfect.app */;
			productType = "com.apple.product-type.application";
		};
		BEDA91C01AD88E1E0081B1E1 /* Pitch-PerfectTests */ = {
			isa = PBXNativeTarget;
			buildConfigurationList = BEDA91CE1AD88E1E0081B1E1 /* Build configuration list for PBXNativeTarget "Pitch-PerfectTests" */;
			buildPhases = (
				BEDA91BD1AD88E1E0081B1E1 /* Sources */,
				BEDA91BE1AD88E1E0081B1E1 /* Frameworks */,
				BEDA91BF1AD88E1E0081B1E1 /* Resources */,
			);
			buildRules = (
			);
			dependencies = (
				BEDA91C31AD88E1E0081B1E1 /* PBXTargetDependency */,
			);
			name = "Pitch-PerfectTests";
			productName = "Pitch-PerfectTests";
			productReference = BEDA91C11AD88E1E0081B1E1 /* Pitch-PerfectTests.xctest */;
			productType = "com.apple.product-type.bundle.unit-test";
		};
/* End PBXNativeTarget section */

/* Begin PBXProject section */
		BEDA91A41AD88E1E0081B1E1 /* Project object */ = {
			isa = PBXProject;
			attributes = {
				LastUpgradeCheck = 0630;
				ORGANIZATIONNAME = "Nikki V";
				TargetAttributes = {
					BEDA91AB1AD88E1E0081B1E1 = {
						CreatedOnToolsVersion = 6.3;
					};
					BEDA91C01AD88E1E0081B1E1 = {
						CreatedOnToolsVersion = 6.3;
						TestTargetID = BEDA91AB1AD88E1E0081B1E1;
					};
				};
			};
			buildConfigurationList = BEDA91A71AD88E1E0081B1E1 /* Build configuration list for PBXProject "Pitch-Perfect" */;
			compatibilityVersion = "Xcode 3.2";
			developmentRegion = English;
			hasScannedForEncodings = 0;
			knownRegions = (
				en,
				Base,
			);
			mainGroup = BEDA91A31AD88E1E0081B1E1;
			productRefGroup = BEDA91AD1AD88E1E0081B1E1 /* Products */;
			projectDirPath = "";
			projectRoot = "";
			targets = (
				BEDA91AB1AD88E1E0081B1E1 /* Pitch-Perfect */,
				BEDA91C01AD88E1E0081B1E1 /* Pitch-PerfectTests */,
			);
		};
/* End PBXProject section */

/* Begin PBXResourcesBuildPhase section */
		BEDA91AA1AD88E1E0081B1E1 /* Resources */ = {
			isa = PBXResourcesBuildPhase;
			buildActionMask = 2147483647;
			files = (
				BEDA91BC1AD88E1E0081B1E1 /* LaunchScreen.xib in Resources */,
				BEDA91D61AE075BF0081B1E1 /* movie_quote.mp3 in Resources */,
				BEDA91B91AD88E1E0081B1E1 /* Images.xcassets in Resources */,
				BEDA91D91AE5DC9B0081B1E1 /* Main.storyboard in Resources */,
			);
			runOnlyForDeploymentPostprocessing = 0;
		};
		BEDA91BF1AD88E1E0081B1E1 /* Resources */ = {
			isa = PBXResourcesBuildPhase;
			buildActionMask = 2147483647;
			files = (
			);
			runOnlyForDeploymentPostprocessing = 0;
		};
/* End PBXResourcesBuildPhase section */

/* Begin PBXSourcesBuildPhase section */
		BEDA91A81AD88E1E0081B1E1 /* Sources */ = {
			isa = PBXSourcesBuildPhase;
			buildActionMask = 2147483647;
			files = (
				BEDA91DB1AE5DEF40081B1E1 /* RecordedAudio.swift in Sources */,
				BEDA91B41AD88E1E0081B1E1 /* RecordSoundsViewController.swift in Sources */,
				BEDA91D41AE070270081B1E1 /* PlaySoundsViewController.swift in Sources */,
				BEDA91B21AD88E1E0081B1E1 /* AppDelegate.swift in Sources */,
			);
			runOnlyForDeploymentPostprocessing = 0;
		};
		BEDA91BD1AD88E1E0081B1E1 /* Sources */ = {
			isa = PBXSourcesBuildPhase;
			buildActionMask = 2147483647;
			files = (
				BEDA91C81AD88E1E0081B1E1 /* Pitch_PerfectTests.swift in Sources */,
			);
			runOnlyForDeploymentPostprocessing = 0;
		};
/* End PBXSourcesBuildPhase section */

/* Begin PBXTargetDependency section */
		BEDA91C31AD88E1E0081B1E1 /* PBXTargetDependency */ = {
			isa = PBXTargetDependency;
			target = BEDA91AB1AD88E1E0081B1E1 /* Pitch-Perfect */;
			targetProxy = BEDA91C21AD88E1E0081B1E1 /* PBXContainerItemProxy */;
		};
/* End PBXTargetDependency section */

/* Begin PBXVariantGroup section */
		BEDA91BA1AD88E1E0081B1E1 /* LaunchScreen.xib */ = {
			isa = PBXVariantGroup;
			children = (
				BEDA91BB1AD88E1E0081B1E1 /* Base */,
			);
			name = LaunchScreen.xib;
			sourceTree = "<group>";
		};
		BEDA91D71AE5DC9B0081B1E1 /* Main.storyboard */ = {
			isa = PBXVariantGroup;
			children = (
				BEDA91D81AE5DC9B0081B1E1 /* Base */,
			);
			name = Main.storyboard;
			sourceTree = "<group>";
		};
/* End PBXVariantGroup section */

/* Begin XCBuildConfiguration section */
		BEDA91C91AD88E1E0081B1E1 /* Debug */ = {
			isa = XCBuildConfiguration;
			buildSettings = {
				ALWAYS_SEARCH_USER_PATHS = NO;
				CLANG_CXX_LANGUAGE_STANDARD = "gnu++0x";
				CLANG_CXX_LIBRARY = "libc++";
				CLANG_ENABLE_MODULES = YES;
				CLANG_ENABLE_OBJC_ARC = YES;
				CLANG_WARN_BOOL_CONVERSION = YES;
				CLANG_WARN_CONSTANT_CONVERSION = YES;
				CLANG_WARN_DIRECT_OBJC_ISA_USAGE = YES_ERROR;
				CLANG_WARN_EMPTY_BODY = YES;
				CLANG_WARN_ENUM_CONVERSION = YES;
				CLANG_WARN_INT_CONVERSION = YES;
				CLANG_WARN_OBJC_ROOT_CLASS = YES_ERROR;
				CLANG_WARN_UNREACHABLE_CODE = YES;
				CLANG_WARN__DUPLICATE_METHOD_MATCH = YES;
				"CODE_SIGN_IDENTITY[sdk=iphoneos*]" = "iPhone Developer";
				COPY_PHASE_STRIP = NO;
				DEBUG_INFORMATION_FORMAT = "dwarf-with-dsym";
				ENABLE_STRICT_OBJC_MSGSEND = YES;
				GCC_C_LANGUAGE_STANDARD = gnu99;
				GCC_DYNAMIC_NO_PIC = NO;
				GCC_NO_COMMON_BLOCKS = YES;
				GCC_OPTIMIZATION_LEVEL = 0;
				GCC_PREPROCESSOR_DEFINITIONS = (
					"DEBUG=1",
					"$(inherited)",
				);
				GCC_SYMBOLS_PRIVATE_EXTERN = NO;
				GCC_WARN_64_TO_32_BIT_CONVERSION = YES;
				GCC_WARN_ABOUT_RETURN_TYPE = YES_ERROR;
				GCC_WARN_UNDECLARED_SELECTOR = YES;
				GCC_WARN_UNINITIALIZED_AUTOS = YES_AGGRESSIVE;
				GCC_WARN_UNUSED_FUNCTION = YES;
				GCC_WARN_UNUSED_VARIABLE = YES;
				IPHONEOS_DEPLOYMENT_TARGET = 8.3;
				MTL_ENABLE_DEBUG_INFO = YES;
				ONLY_ACTIVE_ARCH = YES;
				SDKROOT = iphoneos;
				SWIFT_OPTIMIZATION_LEVEL = "-Onone";
			};
			name = Debug;
		};
		BEDA91CA1AD88E1E0081B1E1 /* Release */ = {
			isa = XCBuildConfiguration;
			buildSettings = {
				ALWAYS_SEARCH_USER_PATHS = NO;
				CLANG_CXX_LANGUAGE_STANDARD = "gnu++0x";
				CLANG_CXX_LIBRARY = "libc++";
				CLANG_ENABLE_MODULES = YES;
				CLANG_ENABLE_OBJC_ARC = YES;
				CLANG_WARN_BOOL_CONVERSION = YES;
				CLANG_WARN_CONSTANT_CONVERSION = YES;
				CLANG_WARN_DIRECT_OBJC_ISA_USAGE = YES_ERROR;
				CLANG_WARN_EMPTY_BODY = YES;
				CLANG_WARN_ENUM_CONVERSION = YES;
				CLANG_WARN_INT_CONVERSION = YES;
				CLANG_WARN_OBJC_ROOT_CLASS = YES_ERROR;
				CLANG_WARN_UNREACHABLE_CODE = YES;
				CLANG_WARN__DUPLICATE_METHOD_MATCH = YES;
				"CODE_SIGN_IDENTITY[sdk=iphoneos*]" = "iPhone Developer";
				COPY_PHASE_STRIP = NO;
				DEBUG_INFORMATION_FORMAT = "dwarf-with-dsym";
				ENABLE_NS_ASSERTIONS = NO;
				ENABLE_STRICT_OBJC_MSGSEND = YES;
				GCC_C_LANGUAGE_STANDARD = gnu99;
				GCC_NO_COMMON_BLOCKS = YES;
				GCC_WARN_64_TO_32_BIT_CONVERSION = YES;
				GCC_WARN_ABOUT_RETURN_TYPE = YES_ERROR;
				GCC_WARN_UNDECLARED_SELECTOR = YES;
				GCC_WARN_UNINITIALIZED_AUTOS = YES_AGGRESSIVE;
				GCC_WARN_UNUSED_FUNCTION = YES;
				GCC_WARN_UNUSED_VARIABLE = YES;
				IPHONEOS_DEPLOYMENT_TARGET = 8.3;
				MTL_ENABLE_DEBUG_INFO = NO;
				SDKROOT = iphoneos;
				VALIDATE_PRODUCT = YES;
			};
			name = Release;
		};
		BEDA91CC1AD88E1E0081B1E1 /* Debug */ = {
			isa = XCBuildConfiguration;
			buildSettings = {
				ASSETCATALOG_COMPILER_APPICON_NAME = AppIcon;
				INFOPLIST_FILE = "Pitch-Perfect/Info.plist";
				LD_RUNPATH_SEARCH_PATHS = "$(inherited) @executable_path/Frameworks";
				PRODUCT_NAME = "$(TARGET_NAME)";
			};
			name = Debug;
		};
		BEDA91CD1AD88E1E0081B1E1 /* Release */ = {
			isa = XCBuildConfiguration;
			buildSettings = {
				ASSETCATALOG_COMPILER_APPICON_NAME = AppIcon;
				INFOPLIST_FILE = "Pitch-Perfect/Info.plist";
				LD_RUNPATH_SEARCH_PATHS = "$(inherited) @executable_path/Frameworks";
				PRODUCT_NAME = "$(TARGET_NAME)";
			};
			name = Release;
		};
		BEDA91CF1AD88E1E0081B1E1 /* Debug */ = {
			isa = XCBuildConfiguration;
			buildSettings = {
				BUNDLE_LOADER = "$(TEST_HOST)";
				FRAMEWORK_SEARCH_PATHS = (
					"$(SDKROOT)/Developer/Library/Frameworks",
					"$(inherited)",
				);
				GCC_PREPROCESSOR_DEFINITIONS = (
					"DEBUG=1",
					"$(inherited)",
				);
				INFOPLIST_FILE = "Pitch-PerfectTests/Info.plist";
				LD_RUNPATH_SEARCH_PATHS = "$(inherited) @executable_path/Frameworks @loader_path/Frameworks";
				PRODUCT_NAME = "$(TARGET_NAME)";
				TEST_HOST = "$(BUILT_PRODUCTS_DIR)/Pitch-Perfect.app/Pitch-Perfect";
			};
			name = Debug;
		};
		BEDA91D01AD88E1E0081B1E1 /* Release */ = {
			isa = XCBuildConfiguration;
			buildSettings = {
				BUNDLE_LOADER = "$(TEST_HOST)";
				FRAMEWORK_SEARCH_PATHS = (
					"$(SDKROOT)/Developer/Library/Frameworks",
					"$(inherited)",
				);
				INFOPLIST_FILE = "Pitch-PerfectTests/Info.plist";
				LD_RUNPATH_SEARCH_PATHS = "$(inherited) @executable_path/Frameworks @loader_path/Frameworks";
				PRODUCT_NAME = "$(TARGET_NAME)";
				TEST_HOST = "$(BUILT_PRODUCTS_DIR)/Pitch-Perfect.app/Pitch-Perfect";
			};
			name = Release;
		};
/* End XCBuildConfiguration section */

/* Begin XCConfigurationList section */
		BEDA91A71AD88E1E0081B1E1 /* Build configuration list for PBXProject "Pitch-Perfect" */ = {
			isa = XCConfigurationList;
			buildConfigurations = (
				BEDA91C91AD88E1E0081B1E1 /* Debug */,
				BEDA91CA1AD88E1E0081B1E1 /* Release */,
			);
			defaultConfigurationIsVisible = 0;
			defaultConfigurationName = Release;
		};
		BEDA91CB1AD88E1E0081B1E1 /* Build configuration list for PBXNativeTarget "Pitch-Perfect" */ = {
			isa = XCConfigurationList;
			buildConfigurations = (
				BEDA91CC1AD88E1E0081B1E1 /* Debug */,
				BEDA91CD1AD88E1E0081B1E1 /* Release */,
			);
			defaultConfigurationIsVisible = 0;
		};
		BEDA91CE1AD88E1E0081B1E1 /* Build configuration list for PBXNativeTarget "Pitch-PerfectTests" */ = {
			isa = XCConfigurationList;
			buildConfigurations = (
				BEDA91CF1AD88E1E0081B1E1 /* Debug */,
				BEDA91D01AD88E1E0081B1E1 /* Release */,
			);
			defaultConfigurationIsVisible = 0;
		};
/* End XCConfigurationList section */
	};
	rootObject = BEDA91A41AD88E1E0081B1E1 /* Project object */;
}
